
Microsoft Visual Studio Solution File, Format Version 12.00
# Visual Studio Version 16
VisualStudioVersion = 16.0.30621.155
MinimumVisualStudioVersion = 10.0.40219.1
Project("{FAE04EC0-301F-11D3-BF4B-00C04F79EFBC}") = "Task2", "Task2\Task2.csproj", "{B91025F9-8913-48C3-BD1F-3FF3F11848BC}"
EndProject
Global
	GlobalSection(SolutionConfigurationPlatforms) = preSolution
		Debug|Any CPU = Debug|Any CPU
		Release|Any CPU = Release|Any CPU
	EndGlobalSection
	GlobalSection(ProjectConfigurationPlatforms) = postSolution
		{B91025F9-8913-48C3-BD1F-3FF3F11848BC}.Debug|Any CPU.ActiveCfg = Debug|Any CPU
		{B91025F9-8913-48C3-BD1F-3FF3F11848BC}.Debug|Any CPU.Build.0 = Debug|Any CPU
		{B91025F9-8913-48C3-BD1F-3FF3F11848BC}.Release|Any CPU.ActiveCfg = Release|Any CPU
		{B91025F9-8913-48C3-BD1F-3FF3F11848BC}.Release|Any CPU.Build.0 = Release|Any CPU
	EndGlobalSection
	GlobalSection(SolutionProperties) = preSolution
		HideSolutionNode = FALSE
	EndGlobalSection
	GlobalSection(ExtensibilityGlobals) = postSolution
		SolutionGuid = {F42A8785-FEB8-4ABC-9D68-F121B17A7C31}
	EndGlobalSection
EndGlobal
